
Microsoft Visual Studio Solution File, Format Version 12.00
# Visual Studio Version 17
VisualStudioVersion = 17.6.33801.468
MinimumVisualStudioVersion = 10.0.40219.1
Project("{FAE04EC0-301F-11D3-BF4B-00C04F79EFBC}") = "Grenny", "Grenny\Grenny.csproj", "{726A6890-055F-4BB1-82D9-CF4742179C07}"
EndProject
Global
	GlobalSection(SolutionConfigurationPlatforms) = preSolution
		Debug|Any CPU = Debug|Any CPU
		Release|Any CPU = Release|Any CPU
	EndGlobalSection
	GlobalSection(ProjectConfigurationPlatforms) = postSolution
		{726A6890-055F-4BB1-82D9-CF4742179C07}.Debug|Any CPU.ActiveCfg = Debug|Any CPU
		{726A6890-055F-4BB1-82D9-CF4742179C07}.Debug|Any CPU.Build.0 = Debug|Any CPU
		{726A6890-055F-4BB1-82D9-CF4742179C07}.Release|Any CPU.ActiveCfg = Release|Any CPU
		{726A6890-055F-4BB1-82D9-CF4742179C07}.Release|Any CPU.Build.0 = Release|Any CPU
	EndGlobalSection
	GlobalSection(SolutionProperties) = preSolution
		HideSolutionNode = FALSE
	EndGlobalSection
	GlobalSection(ExtensibilityGlobals) = postSolution
		SolutionGuid = {E8CB6A66-EBAB-4A7D-8497-2889D31B3559}
	EndGlobalSection
EndGlobal
